
Microsoft Visual Studio Solution File, Format Version 12.00
# Visual Studio Version 16
VisualStudioVersion = 16.0.30114.105
MinimumVisualStudioVersion = 10.0.40219.1
Project("{9A19103F-16F7-4668-BE54-9A1E7A4F7556}") = "Pliki", "Pliki\Pliki.csproj", "{9F2FA27D-058C-4656-8209-7B0DB869C9A7}"
EndProject
Project("{9A19103F-16F7-4668-BE54-9A1E7A4F7556}") = "Pliki.App", "Pliki.App\Pliki.App.csproj", "{6BA2BB86-87FF-4A9B-BD36-35C722188B45}"
EndProject
Project("{9A19103F-16F7-4668-BE54-9A1E7A4F7556}") = "Pliki.Domain", "Pliki.Domain\Pliki.Domain.csproj", "{4DF2BCC6-F0B2-49A9-973F-996ACA4D3AE8}"
EndProject
Global
	GlobalSection(SolutionConfigurationPlatforms) = preSolution
		Debug|Any CPU = Debug|Any CPU
		Release|Any CPU = Release|Any CPU
	EndGlobalSection
	GlobalSection(ProjectConfigurationPlatforms) = postSolution
		{9F2FA27D-058C-4656-8209-7B0DB869C9A7}.Debug|Any CPU.ActiveCfg = Release|Any CPU
		{9F2FA27D-058C-4656-8209-7B0DB869C9A7}.Debug|Any CPU.Build.0 = Release|Any CPU
		{9F2FA27D-058C-4656-8209-7B0DB869C9A7}.Release|Any CPU.ActiveCfg = Release|Any CPU
		{9F2FA27D-058C-4656-8209-7B0DB869C9A7}.Release|Any CPU.Build.0 = Release|Any CPU
		{6BA2BB86-87FF-4A9B-BD36-35C722188B45}.Debug|Any CPU.ActiveCfg = Debug|Any CPU
		{6BA2BB86-87FF-4A9B-BD36-35C722188B45}.Debug|Any CPU.Build.0 = Debug|Any CPU
		{6BA2BB86-87FF-4A9B-BD36-35C722188B45}.Release|Any CPU.ActiveCfg = Release|Any CPU
		{6BA2BB86-87FF-4A9B-BD36-35C722188B45}.Release|Any CPU.Build.0 = Release|Any CPU
		{4DF2BCC6-F0B2-49A9-973F-996ACA4D3AE8}.Debug|Any CPU.ActiveCfg = Debug|Any CPU
		{4DF2BCC6-F0B2-49A9-973F-996ACA4D3AE8}.Debug|Any CPU.Build.0 = Debug|Any CPU
		{4DF2BCC6-F0B2-49A9-973F-996ACA4D3AE8}.Release|Any CPU.ActiveCfg = Release|Any CPU
		{4DF2BCC6-F0B2-49A9-973F-996ACA4D3AE8}.Release|Any CPU.Build.0 = Release|Any CPU
	EndGlobalSection
	GlobalSection(SolutionProperties) = preSolution
		HideSolutionNode = FALSE
	EndGlobalSection
	GlobalSection(ExtensibilityGlobals) = postSolution
		SolutionGuid = {BB0D8F80-6D79-4912-9564-BB6005CD7AD5}
	EndGlobalSection
EndGlobal
